
Microsoft Visual Studio Solution File, Format Version 12.00
# Visual Studio Version 17
VisualStudioVersion = 17.4.33103.184
MinimumVisualStudioVersion = 10.0.40219.1
Project("{FAE04EC0-301F-11D3-BF4B-00C04F79EFBC}") = "Brazil.Api.Integration", "Brazil.Api.Integration\Brazil.Api.Integration.csproj", "{443AE791-6C02-4F43-B979-F8FB2B052EC3}"
EndProject
Global
	GlobalSection(SolutionConfigurationPlatforms) = preSolution
		Debug|Any CPU = Debug|Any CPU
		Release|Any CPU = Release|Any CPU
	EndGlobalSection
	GlobalSection(ProjectConfigurationPlatforms) = postSolution
		{443AE791-6C02-4F43-B979-F8FB2B052EC3}.Debug|Any CPU.ActiveCfg = Debug|Any CPU
		{443AE791-6C02-4F43-B979-F8FB2B052EC3}.Debug|Any CPU.Build.0 = Debug|Any CPU
		{443AE791-6C02-4F43-B979-F8FB2B052EC3}.Release|Any CPU.ActiveCfg = Release|Any CPU
		{443AE791-6C02-4F43-B979-F8FB2B052EC3}.Release|Any CPU.Build.0 = Release|Any CPU
	EndGlobalSection
	GlobalSection(SolutionProperties) = preSolution
		HideSolutionNode = FALSE
	EndGlobalSection
	GlobalSection(ExtensibilityGlobals) = postSolution
		SolutionGuid = {2320E6BD-A882-4933-BDC0-0C2F4924B417}
	EndGlobalSection
EndGlobal
